
Microsoft Visual Studio Solution File, Format Version 12.00
# Visual Studio Version 17
VisualStudioVersion = 17.5.002.0
MinimumVisualStudioVersion = 10.0.40219.1
Project("{9A19103F-16F7-4668-BE54-9A1E7A4F7556}") = "Catedra1", "Catedra1.csproj", "{5CF2BB8F-A25E-439C-A987-AD91B2A05486}"
EndProject
Global
	GlobalSection(SolutionConfigurationPlatforms) = preSolution
		Debug|Any CPU = Debug|Any CPU
		Release|Any CPU = Release|Any CPU
	EndGlobalSection
	GlobalSection(ProjectConfigurationPlatforms) = postSolution
		{5CF2BB8F-A25E-439C-A987-AD91B2A05486}.Debug|Any CPU.ActiveCfg = Debug|Any CPU
		{5CF2BB8F-A25E-439C-A987-AD91B2A05486}.Debug|Any CPU.Build.0 = Debug|Any CPU
		{5CF2BB8F-A25E-439C-A987-AD91B2A05486}.Release|Any CPU.ActiveCfg = Release|Any CPU
		{5CF2BB8F-A25E-439C-A987-AD91B2A05486}.Release|Any CPU.Build.0 = Release|Any CPU
	EndGlobalSection
	GlobalSection(SolutionProperties) = preSolution
		HideSolutionNode = FALSE
	EndGlobalSection
	GlobalSection(ExtensibilityGlobals) = postSolution
		SolutionGuid = {2F098155-7F18-4FB3-AAD0-C95D91DBE944}
	EndGlobalSection
EndGlobal
